%{
  "aten": {:hex, :aten, "0.5.2", "2b4d31261d36c0a11cd6d04ae3f96c8951eb32106e9d2013a5b33ba14f7875ae", [:rebar3], [], "hexpm"},
  "gen_batch_server": {:hex, :gen_batch_server, "0.7.0", "fa458aeba2979c49f197f2cd33e0c39a42f31cff80040162ff07405fd9d3d303", [:rebar3], [], "hexpm"},
  "ra": {:hex, :ra, "0.9.4", "4d5ad06a21d8b1f81b2b3b8463b6b0318337bd6981c8f94acbe895afc416a5e0", [:rebar3], [{:aten, "0.5.2", [hex: :aten, repo: "hexpm", optional: false]}, {:gen_batch_server, "0.7.0", [hex: :gen_batch_server, repo: "hexpm", optional: false]}], "hexpm"},
}
